{
  "originHash" : "f9bdf3baa04045f70016ace642ea8524000528b8dae6ef460dcf34e5c08e7287",
  "pins" : [
    {
      "identity" : "fluidaudio",
      "kind" : "remoteSourceControl",
      "location" : "https://github.com/FluidInference/FluidAudio.git",
      "state" : {
        "revision" : "21493f8dac5a97e65742e6ff26f42f164c2fda0f",
        "version" : "0.17.4"
      }
    }
  ],
  "version" : 3
}
