{
  "originHash" : "27cccf0c7ae53c8bf4e1697c16af60bf17d57481c439f60add9d6d531c0d8c17",
  "pins" : [
    {
      "identity" : "fluidaudio",
      "kind" : "remoteSourceControl",
      "location" : "https://github.com/FluidInference/FluidAudio.git",
      "state" : {
        "revision" : "21493f8dac5a97e65742e6ff26f42f164c2fda0f",
        "version" : "0.17.4"
      }
    }
  ],
  "version" : 3
}
